
Microsoft Visual Studio Solution File, Format Version 12.00
# Visual Studio Version 17
VisualStudioVersion = 17.8.34309.116
MinimumVisualStudioVersion = 10.0.40219.1
Project("{FAE04EC0-301F-11D3-BF4B-00C04F79EFBC}") = "CleanArchi.Web", "CleanArchi.Web\CleanArchi.Web.csproj", "{14866F4E-A0D2-4073-B331-D062A0C9CF24}"
EndProject
Global
	GlobalSection(SolutionConfigurationPlatforms) = preSolution
		Debug|Any CPU = Debug|Any CPU
		Release|Any CPU = Release|Any CPU
	EndGlobalSection
	GlobalSection(ProjectConfigurationPlatforms) = postSolution
		{14866F4E-A0D2-4073-B331-D062A0C9CF24}.Debug|Any CPU.ActiveCfg = Debug|Any CPU
		{14866F4E-A0D2-4073-B331-D062A0C9CF24}.Debug|Any CPU.Build.0 = Debug|Any CPU
		{14866F4E-A0D2-4073-B331-D062A0C9CF24}.Release|Any CPU.ActiveCfg = Release|Any CPU
		{14866F4E-A0D2-4073-B331-D062A0C9CF24}.Release|Any CPU.Build.0 = Release|Any CPU
	EndGlobalSection
	GlobalSection(SolutionProperties) = preSolution
		HideSolutionNode = FALSE
	EndGlobalSection
	GlobalSection(ExtensibilityGlobals) = postSolution
		SolutionGuid = {B21DEDEC-B27B-40C9-A1A3-3AAC07904C13}
	EndGlobalSection
EndGlobal
